
Microsoft Visual Studio Solution File, Format Version 12.00
# Visual Studio Version 17
VisualStudioVersion = 17.14.37012.4 d17.14
MinimumVisualStudioVersion = 10.0.40219.1
Project("{FAE04EC0-301F-11D3-BF4B-00C04F79EFBC}") = "Task2", "Task2\Task2.csproj", "{89FAE4DD-1D1B-4436-B1F1-E5F1AECDC3F4}"
EndProject
Global
	GlobalSection(SolutionConfigurationPlatforms) = preSolution
		Debug|Any CPU = Debug|Any CPU
		Release|Any CPU = Release|Any CPU
	EndGlobalSection
	GlobalSection(ProjectConfigurationPlatforms) = postSolution
		{89FAE4DD-1D1B-4436-B1F1-E5F1AECDC3F4}.Debug|Any CPU.ActiveCfg = Debug|Any CPU
		{89FAE4DD-1D1B-4436-B1F1-E5F1AECDC3F4}.Debug|Any CPU.Build.0 = Debug|Any CPU
		{89FAE4DD-1D1B-4436-B1F1-E5F1AECDC3F4}.Release|Any CPU.ActiveCfg = Release|Any CPU
		{89FAE4DD-1D1B-4436-B1F1-E5F1AECDC3F4}.Release|Any CPU.Build.0 = Release|Any CPU
	EndGlobalSection
	GlobalSection(SolutionProperties) = preSolution
		HideSolutionNode = FALSE
	EndGlobalSection
	GlobalSection(ExtensibilityGlobals) = postSolution
		SolutionGuid = {A2DCA5BF-39BB-41B5-8DA1-E34B87E1F8EA}
	EndGlobalSection
EndGlobal
